
Microsoft Visual Studio Solution File, Format Version 12.00
# Visual Studio Version 17
VisualStudioVersion = 17.11.35312.102
MinimumVisualStudioVersion = 10.0.40219.1
Project("{FAE04EC0-301F-11D3-BF4B-00C04F79EFBC}") = "BetterMenu", "BetterMenu\BetterMenu.csproj", "{08B773CE-F4DF-4422-969F-8358E322A133}"
EndProject
Global
	GlobalSection(SolutionConfigurationPlatforms) = preSolution
		Debug|Any CPU = Debug|Any CPU
		Release|Any CPU = Release|Any CPU
	EndGlobalSection
	GlobalSection(ProjectConfigurationPlatforms) = postSolution
		{08B773CE-F4DF-4422-969F-8358E322A133}.Debug|Any CPU.ActiveCfg = Debug|x64
		{08B773CE-F4DF-4422-969F-8358E322A133}.Debug|Any CPU.Build.0 = Debug|x64
		{08B773CE-F4DF-4422-969F-8358E322A133}.Release|Any CPU.ActiveCfg = Release|Any CPU
		{08B773CE-F4DF-4422-969F-8358E322A133}.Release|Any CPU.Build.0 = Release|Any CPU
	EndGlobalSection
	GlobalSection(SolutionProperties) = preSolution
		HideSolutionNode = FALSE
	EndGlobalSection
	GlobalSection(ExtensibilityGlobals) = postSolution
		SolutionGuid = {7E9F3278-5D85-4F43-9C92-28556B3DE70A}
	EndGlobalSection
EndGlobal
